
Microsoft Visual Studio Solution File, Format Version 12.00
# Visual Studio 15
VisualStudioVersion = 15.0.27428.2027
MinimumVisualStudioVersion = 10.0.40219.1
Project("{FAE04EC0-301F-11D3-BF4B-00C04F79EFBC}") = "UnitConverter.Android", "UnitConverter\UnitConverter.Android\UnitConverter.Android.csproj", "{16696111-597F-45C7-B025-AF2D28F3CEB9}"
EndProject
Project("{FAE04EC0-301F-11D3-BF4B-00C04F79EFBC}") = "UnitConverter.iOS", "UnitConverter\UnitConverter.iOS\UnitConverter.iOS.csproj", "{25E0A349-654B-4052-BDAE-5348C0950825}"
EndProject
Project("{FAE04EC0-301F-11D3-BF4B-00C04F79EFBC}") = "UnitConverter.UWP", "UnitConverter\UnitConverter.UWP\UnitConverter.UWP.csproj", "{34BBD957-E255-489D-A912-E25FB352E059}"
EndProject
Project("{FAE04EC0-301F-11D3-BF4B-00C04F79EFBC}") = "UnitConverter", "UnitConverter\UnitConverter\UnitConverter.csproj", "{620243B1-ECAC-4534-A146-DD15BE4F2188}"
EndProject
Global
	GlobalSection(SolutionConfigurationPlatforms) = preSolution
		Ad-Hoc|Any CPU = Ad-Hoc|Any CPU
		Ad-Hoc|ARM = Ad-Hoc|ARM
		Ad-Hoc|iPhone = Ad-Hoc|iPhone
		Ad-Hoc|iPhoneSimulator = Ad-Hoc|iPhoneSimulator
		Ad-Hoc|x64 = Ad-Hoc|x64
		Ad-Hoc|x86 = Ad-Hoc|x86
		AppStore|Any CPU = AppStore|Any CPU
		AppStore|ARM = AppStore|ARM
		AppStore|iPhone = AppStore|iPhone
		AppStore|iPhoneSimulator = AppStore|iPhoneSimulator
		AppStore|x64 = AppStore|x64
		AppStore|x86 = AppStore|x86
		Debug|Any CPU = Debug|Any CPU
		Debug|ARM = Debug|ARM
		Debug|iPhone = Debug|iPhone
		Debug|iPhoneSimulator = Debug|iPhoneSimulator
		Debug|x64 = Debug|x64
		Debug|x86 = Debug|x86
		Release|Any CPU = Release|Any CPU
		Release|ARM = Release|ARM
		Release|iPhone = Release|iPhone
		Release|iPhoneSimulator = Release|iPhoneSimulator
		Release|x64 = Release|x64
		Release|x86 = Release|x86
	EndGlobalSection
	GlobalSection(ProjectConfigurationPlatforms) = postSolution
		{16696111-597F-45C7-B025-AF2D28F3CEB9}.Ad-Hoc|Any CPU.ActiveCfg = Release|Any CPU
		{16696111-597F-45C7-B025-AF2D28F3CEB9}.Ad-Hoc|Any CPU.Build.0 = Release|Any CPU
		{16696111-597F-45C7-B025-AF2D28F3CEB9}.Ad-Hoc|Any CPU.Deploy.0 = Release|Any CPU
		{16696111-597F-45C7-B025-AF2D28F3CEB9}.Ad-Hoc|ARM.ActiveCfg = Release|Any CPU
		{16696111-597F-45C7-B025-AF2D28F3CEB9}.Ad-Hoc|ARM.Build.0 = Release|Any CPU
		{16696111-597F-45C7-B025-AF2D28F3CEB9}.Ad-Hoc|ARM.Deploy.0 = Release|Any CPU
		{16696111-597F-45C7-B025-AF2D28F3CEB9}.Ad-Hoc|iPhone.ActiveCfg = Release|Any CPU
		{16696111-597F-45C7-B025-AF2D28F3CEB9}.Ad-Hoc|iPhone.Build.0 = Release|Any CPU
		{16696111-597F-45C7-B025-AF2D28F3CEB9}.Ad-Hoc|iPhone.Deploy.0 = Release|Any CPU
		{16696111-597F-45C7-B025-AF2D28F3CEB9}.Ad-Hoc|iPhoneSimulator.ActiveCfg = Release|Any CPU
		{16696111-597F-45C7-B025-AF2D28F3CEB9}.Ad-Hoc|iPhoneSimulator.Build.0 = Release|Any CPU
		{16696111-597F-45C7-B025-AF2D28F3CEB9}.Ad-Hoc|iPhoneSimulator.Deploy.0 = Release|Any CPU
		{16696111-597F-45C7-B025-AF2D28F3CEB9}.Ad-Hoc|x64.ActiveCfg = Release|Any CPU
		{16696111-597F-45C7-B025-AF2D28F3CEB9}.Ad-Hoc|x64.Build.0 = Release|Any CPU
		{16696111-597F-45C7-B025-AF2D28F3CEB9}.Ad-Hoc|x64.Deploy.0 = Release|Any CPU
		{16696111-597F-45C7-B025-AF2D28F3CEB9}.Ad-Hoc|x86.ActiveCfg = Release|Any CPU
		{16696111-597F-45C7-B025-AF2D28F3CEB9}.Ad-Hoc|x86.Build.0 = Release|Any CPU
		{16696111-597F-45C7-B025-AF2D28F3CEB9}.Ad-Hoc|x86.Deploy.0 = Release|Any CPU
		{16696111-597F-45C7-B025-AF2D28F3CEB9}.AppStore|Any CPU.ActiveCfg = Release|Any CPU
		{16696111-597F-45C7-B025-AF2D28F3CEB9}.AppStore|Any CPU.Build.0 = Release|Any CPU
		{16696111-597F-45C7-B025-AF2D28F3CEB9}.AppStore|Any CPU.Deploy.0 = Release|Any CPU
		{16696111-597F-45C7-B025-AF2D28F3CEB9}.AppStore|ARM.ActiveCfg = Release|Any CPU
		{16696111-597F-45C7-B025-AF2D28F3CEB9}.AppStore|ARM.Build.0 = Release|Any CPU
		{16696111-597F-45C7-B025-AF2D28F3CEB9}.AppStore|ARM.Deploy.0 = Release|Any CPU
		{16696111-597F-45C7-B025-AF2D28F3CEB9}.AppStore|iPhone.ActiveCfg = Release|Any CPU
		{16696111-597F-45C7-B025-AF2D28F3CEB9}.AppStore|iPhone.Build.0 = Release|Any CPU
		{16696111-597F-45C7-B025-AF2D28F3CEB9}.AppStore|iPhone.Deploy.0 = Release|Any CPU
		{16696111-597F-45C7-B025-AF2D28F3CEB9}.AppStore|iPhoneSimulator.ActiveCfg = Release|Any CPU
		{16696111-597F-45C7-B025-AF2D28F3CEB9}.AppStore|iPhoneSimulator.Build.0 = Release|Any CPU
		{16696111-597F-45C7-B025-AF2D28F3CEB9}.AppStore|iPhoneSimulator.Deploy.0 = Release|Any CPU
		{16696111-597F-45C7-B025-AF2D28F3CEB9}.AppStore|x64.ActiveCfg = Release|Any CPU
		{16696111-597F-45C7-B025-AF2D28F3CEB9}.AppStore|x64.Build.0 = Release|Any CPU
		{16696111-597F-45C7-B025-AF2D28F3CEB9}.AppStore|x64.Deploy.0 = Release|Any CPU
		{16696111-597F-45C7-B025-AF2D28F3CEB9}.AppStore|x86.ActiveCfg = Release|Any CPU
		{16696111-597F-45C7-B025-AF2D28F3CEB9}.AppStore|x86.Build.0 = Release|Any CPU
		{16696111-597F-45C7-B025-AF2D28F3CEB9}.AppStore|x86.Deploy.0 = Release|Any CPU
		{16696111-597F-45C7-B025-AF2D28F3CEB9}.Debug|Any CPU.ActiveCfg = Debug|Any CPU
		{16696111-597F-45C7-B025-AF2D28F3CEB9}.Debug|Any CPU.Build.0 = Debug|Any CPU
		{16696111-597F-45C7-B025-AF2D28F3CEB9}.Debug|Any CPU.Deploy.0 = Debug|Any CPU
		{16696111-597F-45C7-B025-AF2D28F3CEB9}.Debug|ARM.ActiveCfg = Debug|Any CPU
		{16696111-597F-45C7-B025-AF2D28F3CEB9}.Debug|ARM.Build.0 = Debug|Any CPU
		{16696111-597F-45C7-B025-AF2D28F3CEB9}.Debug|ARM.Deploy.0 = Debug|Any CPU
		{16696111-597F-45C7-B025-AF2D28F3CEB9}.Debug|iPhone.ActiveCfg = Debug|Any CPU
		{16696111-597F-45C7-B025-AF2D28F3CEB9}.Debug|iPhone.Build.0 = Debug|Any CPU
		{16696111-597F-45C7-B025-AF2D28F3CEB9}.Debug|iPhone.Deploy.0 = Debug|Any CPU
		{16696111-597F-45C7-B025-AF2D28F3CEB9}.Debug|iPhoneSimulator.ActiveCfg = Debug|Any CPU
		{16696111-597F-45C7-B025-AF2D28F3CEB9}.Debug|iPhoneSimulator.Build.0 = Debug|Any CPU
		{16696111-597F-45C7-B025-AF2D28F3CEB9}.Debug|iPhoneSimulator.Deploy.0 = Debug|Any CPU
		{16696111-597F-45C7-B025-AF2D28F3CEB9}.Debug|x64.ActiveCfg = Debug|Any CPU
		{16696111-597F-45C7-B025-AF2D28F3CEB9}.Debug|x64.Build.0 = Debug|Any CPU
		{16696111-597F-45C7-B025-AF2D28F3CEB9}.Debug|x64.Deploy.0 = Debug|Any CPU
		{16696111-597F-45C7-B025-AF2D28F3CEB9}.Debug|x86.ActiveCfg = Debug|Any CPU
		{16696111-597F-45C7-B025-AF2D28F3CEB9}.Debug|x86.Build.0 = Debug|Any CPU
		{16696111-597F-45C7-B025-AF2D28F3CEB9}.Debug|x86.Deploy.0 = Debug|Any CPU
		{16696111-597F-45C7-B025-AF2D28F3CEB9}.Release|Any CPU.ActiveCfg = Release|Any CPU
		{16696111-597F-45C7-B025-AF2D28F3CEB9}.Release|Any CPU.Build.0 = Release|Any CPU
		{16696111-597F-45C7-B025-AF2D28F3CEB9}.Release|Any CPU.Deploy.0 = Release|Any CPU
		{16696111-597F-45C7-B025-AF2D28F3CEB9}.Release|ARM.ActiveCfg = Release|Any CPU
		{16696111-597F-45C7-B025-AF2D28F3CEB9}.Release|ARM.Build.0 = Release|Any CPU
		{16696111-597F-45C7-B025-AF2D28F3CEB9}.Release|ARM.Deploy.0 = Release|Any CPU
		{16696111-597F-45C7-B025-AF2D28F3CEB9}.Release|iPhone.ActiveCfg = Release|Any CPU
		{16696111-597F-45C7-B025-AF2D28F3CEB9}.Release|iPhone.Build.0 = Release|Any CPU
		{16696111-597F-45C7-B025-AF2D28F3CEB9}.Release|iPhone.Deploy.0 = Release|Any CPU
		{16696111-597F-45C7-B025-AF2D28F3CEB9}.Release|iPhoneSimulator.ActiveCfg = Release|Any CPU
		{16696111-597F-45C7-B025-AF2D28F3CEB9}.Release|iPhoneSimulator.Build.0 = Release|Any CPU
		{16696111-597F-45C7-B025-AF2D28F3CEB9}.Release|iPhoneSimulator.Deploy.0 = Release|Any CPU
		{16696111-597F-45C7-B025-AF2D28F3CEB9}.Release|x64.ActiveCfg = Release|Any CPU
		{16696111-597F-45C7-B025-AF2D28F3CEB9}.Release|x64.Build.0 = Release|Any CPU
		{16696111-597F-45C7-B025-AF2D28F3CEB9}.Release|x64.Deploy.0 = Release|Any CPU
		{16696111-597F-45C7-B025-AF2D28F3CEB9}.Release|x86.ActiveCfg = Release|Any CPU
		{16696111-597F-45C7-B025-AF2D28F3CEB9}.Release|x86.Build.0 = Release|Any CPU
		{16696111-597F-45C7-B025-AF2D28F3CEB9}.Release|x86.Deploy.0 = Release|Any CPU
		{25E0A349-654B-4052-BDAE-5348C0950825}.Ad-Hoc|Any CPU.ActiveCfg = Ad-Hoc|iPhone
		{25E0A349-654B-4052-BDAE-5348C0950825}.Ad-Hoc|ARM.ActiveCfg = Ad-Hoc|iPhone
		{25E0A349-654B-4052-BDAE-5348C0950825}.Ad-Hoc|iPhone.ActiveCfg = Ad-Hoc|iPhone
		{25E0A349-654B-4052-BDAE-5348C0950825}.Ad-Hoc|iPhone.Build.0 = Ad-Hoc|iPhone
		{25E0A349-654B-4052-BDAE-5348C0950825}.Ad-Hoc|iPhoneSimulator.ActiveCfg = Ad-Hoc|iPhoneSimulator
		{25E0A349-654B-4052-BDAE-5348C0950825}.Ad-Hoc|iPhoneSimulator.Build.0 = Ad-Hoc|iPhoneSimulator
		{25E0A349-654B-4052-BDAE-5348C0950825}.Ad-Hoc|x64.ActiveCfg = Ad-Hoc|iPhone
		{25E0A349-654B-4052-BDAE-5348C0950825}.Ad-Hoc|x86.ActiveCfg = Ad-Hoc|iPhone
		{25E0A349-654B-4052-BDAE-5348C0950825}.AppStore|Any CPU.ActiveCfg = AppStore|iPhone
		{25E0A349-654B-4052-BDAE-5348C0950825}.AppStore|ARM.ActiveCfg = AppStore|iPhone
		{25E0A349-654B-4052-BDAE-5348C0950825}.AppStore|iPhone.ActiveCfg = AppStore|iPhone
		{25E0A349-654B-4052-BDAE-5348C0950825}.AppStore|iPhone.Build.0 = AppStore|iPhone
		{25E0A349-654B-4052-BDAE-5348C0950825}.AppStore|iPhoneSimulator.ActiveCfg = AppStore|iPhoneSimulator
		{25E0A349-654B-4052-BDAE-5348C0950825}.AppStore|iPhoneSimulator.Build.0 = AppStore|iPhoneSimulator
		{25E0A349-654B-4052-BDAE-5348C0950825}.AppStore|x64.ActiveCfg = AppStore|iPhone
		{25E0A349-654B-4052-BDAE-5348C0950825}.AppStore|x86.ActiveCfg = AppStore|iPhone
		{25E0A349-654B-4052-BDAE-5348C0950825}.Debug|Any CPU.ActiveCfg = Debug|iPhone
		{25E0A349-654B-4052-BDAE-5348C0950825}.Debug|ARM.ActiveCfg = Debug|iPhone
		{25E0A349-654B-4052-BDAE-5348C0950825}.Debug|iPhone.ActiveCfg = Debug|iPhone
		{25E0A349-654B-4052-BDAE-5348C0950825}.Debug|iPhone.Build.0 = Debug|iPhone
		{25E0A349-654B-4052-BDAE-5348C0950825}.Debug|iPhoneSimulator.ActiveCfg = Debug|iPhoneSimulator
		{25E0A349-654B-4052-BDAE-5348C0950825}.Debug|iPhoneSimulator.Build.0 = Debug|iPhoneSimulator
		{25E0A349-654B-4052-BDAE-5348C0950825}.Debug|x64.ActiveCfg = Debug|iPhone
		{25E0A349-654B-4052-BDAE-5348C0950825}.Debug|x86.ActiveCfg = Debug|iPhone
		{25E0A349-654B-4052-BDAE-5348C0950825}.Release|Any CPU.ActiveCfg = Release|iPhone
		{25E0A349-654B-4052-BDAE-5348C0950825}.Release|ARM.ActiveCfg = Release|iPhone
		{25E0A349-654B-4052-BDAE-5348C0950825}.Release|iPhone.ActiveCfg = Release|iPhone
		{25E0A349-654B-4052-BDAE-5348C0950825}.Release|iPhone.Build.0 = Release|iPhone
		{25E0A349-654B-4052-BDAE-5348C0950825}.Release|iPhoneSimulator.ActiveCfg = Release|iPhoneSimulator
		{25E0A349-654B-4052-BDAE-5348C0950825}.Release|iPhoneSimulator.Build.0 = Release|iPhoneSimulator
		{25E0A349-654B-4052-BDAE-5348C0950825}.Release|x64.ActiveCfg = Release|iPhone
		{25E0A349-654B-4052-BDAE-5348C0950825}.Release|x86.ActiveCfg = Release|iPhone
		{34BBD957-E255-489D-A912-E25FB352E059}.Ad-Hoc|Any CPU.ActiveCfg = Release|x86
		{34BBD957-E255-489D-A912-E25FB352E059}.Ad-Hoc|Any CPU.Build.0 = Release|x86
		{34BBD957-E255-489D-A912-E25FB352E059}.Ad-Hoc|Any CPU.Deploy.0 = Release|x86
		{34BBD957-E255-489D-A912-E25FB352E059}.Ad-Hoc|ARM.ActiveCfg = Release|ARM
		{34BBD957-E255-489D-A912-E25FB352E059}.Ad-Hoc|ARM.Build.0 = Release|ARM
		{34BBD957-E255-489D-A912-E25FB352E059}.Ad-Hoc|ARM.Deploy.0 = Release|ARM
		{34BBD957-E255-489D-A912-E25FB352E059}.Ad-Hoc|iPhone.ActiveCfg = Release|x86
		{34BBD957-E255-489D-A912-E25FB352E059}.Ad-Hoc|iPhone.Build.0 = Release|x86
		{34BBD957-E255-489D-A912-E25FB352E059}.Ad-Hoc|iPhone.Deploy.0 = Release|x86
		{34BBD957-E255-489D-A912-E25FB352E059}.Ad-Hoc|iPhoneSimulator.ActiveCfg = Release|x86
		{34BBD957-E255-489D-A912-E25FB352E059}.Ad-Hoc|iPhoneSimulator.Build.0 = Release|x86
		{34BBD957-E255-489D-A912-E25FB352E059}.Ad-Hoc|iPhoneSimulator.Deploy.0 = Release|x86
		{34BBD957-E255-489D-A912-E25FB352E059}.Ad-Hoc|x64.ActiveCfg = Release|x64
		{34BBD957-E255-489D-A912-E25FB352E059}.Ad-Hoc|x64.Build.0 = Release|x64
		{34BBD957-E255-489D-A912-E25FB352E059}.Ad-Hoc|x64.Deploy.0 = Release|x64
		{34BBD957-E255-489D-A912-E25FB352E059}.Ad-Hoc|x86.ActiveCfg = Release|x86
		{34BBD957-E255-489D-A912-E25FB352E059}.Ad-Hoc|x86.Build.0 = Release|x86
		{34BBD957-E255-489D-A912-E25FB352E059}.Ad-Hoc|x86.Deploy.0 = Release|x86
		{34BBD957-E255-489D-A912-E25FB352E059}.AppStore|Any CPU.ActiveCfg = Release|x86
		{34BBD957-E255-489D-A912-E25FB352E059}.AppStore|Any CPU.Build.0 = Release|x86
		{34BBD957-E255-489D-A912-E25FB352E059}.AppStore|Any CPU.Deploy.0 = Release|x86
		{34BBD957-E255-489D-A912-E25FB352E059}.AppStore|ARM.ActiveCfg = Release|ARM
		{34BBD957-E255-489D-A912-E25FB352E059}.AppStore|ARM.Build.0 = Release|ARM
		{34BBD957-E255-489D-A912-E25FB352E059}.AppStore|ARM.Deploy.0 = Release|ARM
		{34BBD957-E255-489D-A912-E25FB352E059}.AppStore|iPhone.ActiveCfg = Release|x86
		{34BBD957-E255-489D-A912-E25FB352E059}.AppStore|iPhone.Build.0 = Release|x86
		{34BBD957-E255-489D-A912-E25FB352E059}.AppStore|iPhone.Deploy.0 = Release|x86
		{34BBD957-E255-489D-A912-E25FB352E059}.AppStore|iPhoneSimulator.ActiveCfg = Release|x86
		{34BBD957-E255-489D-A912-E25FB352E059}.AppStore|iPhoneSimulator.Build.0 = Release|x86
		{34BBD957-E255-489D-A912-E25FB352E059}.AppStore|iPhoneSimulator.Deploy.0 = Release|x86
		{34BBD957-E255-489D-A912-E25FB352E059}.AppStore|x64.ActiveCfg = Release|x64
		{34BBD957-E255-489D-A912-E25FB352E059}.AppStore|x64.Build.0 = Release|x64
		{34BBD957-E255-489D-A912-E25FB352E059}.AppStore|x64.Deploy.0 = Release|x64
		{34BBD957-E255-489D-A912-E25FB352E059}.AppStore|x86.ActiveCfg = Release|x86
		{34BBD957-E255-489D-A912-E25FB352E059}.AppStore|x86.Build.0 = Release|x86
		{34BBD957-E255-489D-A912-E25FB352E059}.AppStore|x86.Deploy.0 = Release|x86
		{34BBD957-E255-489D-A912-E25FB352E059}.Debug|Any CPU.ActiveCfg = Debug|x86
		{34BBD957-E255-489D-A912-E25FB352E059}.Debug|ARM.ActiveCfg = Debug|ARM
		{34BBD957-E255-489D-A912-E25FB352E059}.Debug|ARM.Build.0 = Debug|ARM
		{34BBD957-E255-489D-A912-E25FB352E059}.Debug|ARM.Deploy.0 = Debug|ARM
		{34BBD957-E255-489D-A912-E25FB352E059}.Debug|iPhone.ActiveCfg = Debug|x86
		{34BBD957-E255-489D-A912-E25FB352E059}.Debug|iPhoneSimulator.ActiveCfg = Debug|x86
		{34BBD957-E255-489D-A912-E25FB352E059}.Debug|x64.ActiveCfg = Debug|x64
		{34BBD957-E255-489D-A912-E25FB352E059}.Debug|x64.Build.0 = Debug|x64
		{34BBD957-E255-489D-A912-E25FB352E059}.Debug|x64.Deploy.0 = Debug|x64
		{34BBD957-E255-489D-A912-E25FB352E059}.Debug|x86.ActiveCfg = Debug|x86
		{34BBD957-E255-489D-A912-E25FB352E059}.Debug|x86.Build.0 = Debug|x86
		{34BBD957-E255-489D-A912-E25FB352E059}.Debug|x86.Deploy.0 = Debug|x86
		{34BBD957-E255-489D-A912-E25FB352E059}.Release|Any CPU.ActiveCfg = Release|x86
		{34BBD957-E255-489D-A912-E25FB352E059}.Release|ARM.ActiveCfg = Release|ARM
		{34BBD957-E255-489D-A912-E25FB352E059}.Release|ARM.Build.0 = Release|ARM
		{34BBD957-E255-489D-A912-E25FB352E059}.Release|ARM.Deploy.0 = Release|ARM
		{34BBD957-E255-489D-A912-E25FB352E059}.Release|iPhone.ActiveCfg = Release|x86
		{34BBD957-E255-489D-A912-E25FB352E059}.Release|iPhoneSimulator.ActiveCfg = Release|x86
		{34BBD957-E255-489D-A912-E25FB352E059}.Release|x64.ActiveCfg = Release|x64
		{34BBD957-E255-489D-A912-E25FB352E059}.Release|x64.Build.0 = Release|x64
		{34BBD957-E255-489D-A912-E25FB352E059}.Release|x64.Deploy.0 = Release|x64
		{34BBD957-E255-489D-A912-E25FB352E059}.Release|x86.ActiveCfg = Release|x86
		{34BBD957-E255-489D-A912-E25FB352E059}.Release|x86.Build.0 = Release|x86
		{34BBD957-E255-489D-A912-E25FB352E059}.Release|x86.Deploy.0 = Release|x86
		{620243B1-ECAC-4534-A146-DD15BE4F2188}.Ad-Hoc|Any CPU.ActiveCfg = Debug|Any CPU
		{620243B1-ECAC-4534-A146-DD15BE4F2188}.Ad-Hoc|Any CPU.Build.0 = Debug|Any CPU
		{620243B1-ECAC-4534-A146-DD15BE4F2188}.Ad-Hoc|ARM.ActiveCfg = Debug|Any CPU
		{620243B1-ECAC-4534-A146-DD15BE4F2188}.Ad-Hoc|ARM.Build.0 = Debug|Any CPU
		{620243B1-ECAC-4534-A146-DD15BE4F2188}.Ad-Hoc|iPhone.ActiveCfg = Debug|Any CPU
		{620243B1-ECAC-4534-A146-DD15BE4F2188}.Ad-Hoc|iPhone.Build.0 = Debug|Any CPU
		{620243B1-ECAC-4534-A146-DD15BE4F2188}.Ad-Hoc|iPhoneSimulator.ActiveCfg = Debug|Any CPU
		{620243B1-ECAC-4534-A146-DD15BE4F2188}.Ad-Hoc|iPhoneSimulator.Build.0 = Debug|Any CPU
		{620243B1-ECAC-4534-A146-DD15BE4F2188}.Ad-Hoc|x64.ActiveCfg = Debug|Any CPU
		{620243B1-ECAC-4534-A146-DD15BE4F2188}.Ad-Hoc|x64.Build.0 = Debug|Any CPU
		{620243B1-ECAC-4534-A146-DD15BE4F2188}.Ad-Hoc|x86.ActiveCfg = Debug|Any CPU
		{620243B1-ECAC-4534-A146-DD15BE4F2188}.Ad-Hoc|x86.Build.0 = Debug|Any CPU
		{620243B1-ECAC-4534-A146-DD15BE4F2188}.AppStore|Any CPU.ActiveCfg = Debug|Any CPU
		{620243B1-ECAC-4534-A146-DD15BE4F2188}.AppStore|Any CPU.Build.0 = Debug|Any CPU
		{620243B1-ECAC-4534-A146-DD15BE4F2188}.AppStore|ARM.ActiveCfg = Debug|Any CPU
		{620243B1-ECAC-4534-A146-DD15BE4F2188}.AppStore|ARM.Build.0 = Debug|Any CPU
		{620243B1-ECAC-4534-A146-DD15BE4F2188}.AppStore|iPhone.ActiveCfg = Debug|Any CPU
		{620243B1-ECAC-4534-A146-DD15BE4F2188}.AppStore|iPhone.Build.0 = Debug|Any CPU
		{620243B1-ECAC-4534-A146-DD15BE4F2188}.AppStore|iPhoneSimulator.ActiveCfg = Debug|Any CPU
		{620243B1-ECAC-4534-A146-DD15BE4F2188}.AppStore|iPhoneSimulator.Build.0 = Debug|Any CPU
		{620243B1-ECAC-4534-A146-DD15BE4F2188}.AppStore|x64.ActiveCfg = Debug|Any CPU
		{620243B1-ECAC-4534-A146-DD15BE4F2188}.AppStore|x64.Build.0 = Debug|Any CPU
		{620243B1-ECAC-4534-A146-DD15BE4F2188}.AppStore|x86.ActiveCfg = Debug|Any CPU
		{620243B1-ECAC-4534-A146-DD15BE4F2188}.AppStore|x86.Build.0 = Debug|Any CPU
		{620243B1-ECAC-4534-A146-DD15BE4F2188}.Debug|Any CPU.ActiveCfg = Debug|Any CPU
		{620243B1-ECAC-4534-A146-DD15BE4F2188}.Debug|Any CPU.Build.0 = Debug|Any CPU
		{620243B1-ECAC-4534-A146-DD15BE4F2188}.Debug|ARM.ActiveCfg = Debug|Any CPU
		{620243B1-ECAC-4534-A146-DD15BE4F2188}.Debug|ARM.Build.0 = Debug|Any CPU
		{620243B1-ECAC-4534-A146-DD15BE4F2188}.Debug|iPhone.ActiveCfg = Debug|Any CPU
		{620243B1-ECAC-4534-A146-DD15BE4F2188}.Debug|iPhone.Build.0 = Debug|Any CPU
		{620243B1-ECAC-4534-A146-DD15BE4F2188}.Debug|iPhoneSimulator.ActiveCfg = Debug|Any CPU
		{620243B1-ECAC-4534-A146-DD15BE4F2188}.Debug|iPhoneSimulator.Build.0 = Debug|Any CPU
		{620243B1-ECAC-4534-A146-DD15BE4F2188}.Debug|x64.ActiveCfg = Debug|Any CPU
		{620243B1-ECAC-4534-A146-DD15BE4F2188}.Debug|x64.Build.0 = Debug|Any CPU
		{620243B1-ECAC-4534-A146-DD15BE4F2188}.Debug|x86.ActiveCfg = Debug|Any CPU
		{620243B1-ECAC-4534-A146-DD15BE4F2188}.Debug|x86.Build.0 = Debug|Any CPU
		{620243B1-ECAC-4534-A146-DD15BE4F2188}.Release|Any CPU.ActiveCfg = Release|Any CPU
		{620243B1-ECAC-4534-A146-DD15BE4F2188}.Release|Any CPU.Build.0 = Release|Any CPU
		{620243B1-ECAC-4534-A146-DD15BE4F2188}.Release|ARM.ActiveCfg = Release|Any CPU
		{620243B1-ECAC-4534-A146-DD15BE4F2188}.Release|ARM.Build.0 = Release|Any CPU
		{620243B1-ECAC-4534-A146-DD15BE4F2188}.Release|iPhone.ActiveCfg = Release|Any CPU
		{620243B1-ECAC-4534-A146-DD15BE4F2188}.Release|iPhone.Build.0 = Release|Any CPU
		{620243B1-ECAC-4534-A146-DD15BE4F2188}.Release|iPhoneSimulator.ActiveCfg = Release|Any CPU
		{620243B1-ECAC-4534-A146-DD15BE4F2188}.Release|iPhoneSimulator.Build.0 = Release|Any CPU
		{620243B1-ECAC-4534-A146-DD15BE4F2188}.Release|x64.ActiveCfg = Release|Any CPU
		{620243B1-ECAC-4534-A146-DD15BE4F2188}.Release|x64.Build.0 = Release|Any CPU
		{620243B1-ECAC-4534-A146-DD15BE4F2188}.Release|x86.ActiveCfg = Release|Any CPU
		{620243B1-ECAC-4534-A146-DD15BE4F2188}.Release|x86.Build.0 = Release|Any CPU
	EndGlobalSection
	GlobalSection(SolutionProperties) = preSolution
		HideSolutionNode = FALSE
	EndGlobalSection
	GlobalSection(ExtensibilityGlobals) = postSolution
		SolutionGuid = {68A77346-AE8A-4341-9E48-733DC9ADF306}
	EndGlobalSection
EndGlobal
